// !$*UTF8*$!
{
	archiveVersion = 1;
	classes = {
	};
	objectVersion = 46;
	objects = {

/* Begin PBXBuildFile section */
		081E7F8A1CC2200F00BCD081 /* AppDelegate.swift in Sources */ = {isa = PBXBuildFile; fileRef = 081E7F891CC2200F00BCD081 /* AppDelegate.swift */; };
		081E7F8C1CC2200F00BCD081 /* ViewController.swift in Sources */ = {isa = PBXBuildFile; fileRef = 081E7F8B1CC2200F00BCD081 /* ViewController.swift */; };
		081E7F8F1CC2200F00BCD081 /* Main.storyboard in Resources */ = {isa = PBXBuildFile; fileRef = 081E7F8D1CC2200F00BCD081 /* Main.storyboard */; };
		081E7F911CC2200F00BCD081 /* Assets.xcassets in Resources */ = {isa = PBXBuildFile; fileRef = 081E7F901CC2200F00BCD081 /* Assets.xcassets */; };
		081E7F941CC2200F00BCD081 /* LaunchScreen.storyboard in Resources */ = {isa = PBXBuildFile; fileRef = 081E7F921CC2200F00BCD081 /* LaunchScreen.storyboard */; };
/* End PBXBuildFile section */

/* Begin PBXFileReference section */
		081E7F861CC2200F00BCD081 /* gitDemo.app */ = {isa = PBXFileReference; explicitFileType = wrapper.application; includeInIndex = 0; path = gitDemo.app; sourceTree = BUILT_PRODUCTS_DIR; };
		081E7F891CC2200F00BCD081 /* AppDelegate.swift */ = {isa = PBXFileReference; lastKnownFileType = sourcecode.swift; path = AppDelegate.swift; sourceTree = "<group>"; };
		081E7F8B1CC2200F00BCD081 /* ViewController.swift */ = {isa = PBXFileReference; lastKnownFileType = sourcecode.swift; path = ViewController.swift; sourceTree = "<group>"; };
		081E7F8E1CC2200F00BCD081 /* Base */ = {isa = PBXFileReference; lastKnownFileType = file.storyboard; name = Base; path = Base.lproj/Main.storyboard; sourceTree = "<group>"; };
		081E7F901CC2200F00BCD081 /* Assets.xcassets */ = {isa = PBXFileReference; lastKnownFileType = folder.assetcatalog; path = Assets.xcassets; sourceTree = "<group>"; };
		081E7F931CC2200F00BCD081 /* Base */ = {isa = PBXFileReference; lastKnownFileType = file.storyboard; name = Base; path = Base.lproj/LaunchScreen.storyboard; sourceTree = "<group>"; };
		081E7F951CC2200F00BCD081 /* Info.plist */ = {isa = PBXFileReference; lastKnownFileType = text.plist.xml; path = Info.plist; sourceTree = "<group>"; };
/* End PBXFileReference section */

/* Begin PBXFrameworksBuildPhase section */
		081E7F831CC2200F00BCD081 /* Frameworks */ = {
			isa = PBXFrameworksBuildPhase;
			buildActionMask = 2147483647;
			files = (
			);
			runOnlyForDeploymentPostprocessing = 0;
		};
/* End PBXFrameworksBuildPhase section */

/* Begin PBXGroup section */
		081E7F7D1CC2200E00BCD081 = {
			isa = PBXGroup;
			children = (
				081E7F881CC2200F00BCD081 /* gitDemo */,
				081E7F871CC2200F00BCD081 /* Products */,
			);
			sourceTree = "<group>";
		};
		081E7F871CC2200F00BCD081 /* Products */ = {
			isa = PBXGroup;
			children = (
				081E7F861CC2200F00BCD081 /* gitDemo.app */,
			);
			name = Products;
			sourceTree = "<group>";
		};
		081E7F881CC2200F00BCD081 /* gitDemo */ = {
			isa = PBXGroup;
			children = (
				081E7F891CC2200F00BCD081 /* AppDelegate.swift */,
				081E7F8B1CC2200F00BCD081 /* ViewController.swift */,
				081E7F8D1CC2200F00BCD081 /* Main.storyboard */,
				081E7F901CC2200F00BCD081 /* Assets.xcassets */,
				081E7F921CC2200F00BCD081 /* LaunchScreen.storyboard */,
				081E7F951CC2200F00BCD081 /* Info.plist */,
			);
			path = gitDemo;
			sourceTree = "<group>";
		};
/* End PBXGroup section */

/* Begin PBXNativeTarget section */
		081E7F851CC2200F00BCD081 /* gitDemo */ = {
			isa = PBXNativeTarget;
			buildConfigurationList = 081E7F981CC2200F00BCD081 /* Build configuration list for PBXNativeTarget "gitDemo" */;
			buildPhases = (
				081E7F821CC2200F00BCD081 /* Sources */,
				081E7F831CC2200F00BCD081 /* Frameworks */,
				081E7F841CC2200F00BCD081 /* Resources */,
			);
			buildRules = (
			);
			dependencies = (
			);
			name = gitDemo;
			productName = gitDemo;
			productReference = 081E7F861CC2200F00BCD081 /* gitDemo.app */;
			productType = "com.apple.product-type.application";
		};
/* End PBXNativeTarget section */

/* Begin PBXProject section */
		081E7F7E1CC2200E00BCD081 /* Project object */ = {
			isa = PBXProject;
			attributes = {
				LastSwiftUpdateCheck = 0730;
				LastUpgradeCheck = 0730;
				ORGANIZATIONNAME = "Mit Sengupta";
				TargetAttributes = {
					081E7F851CC2200F00BCD081 = {
						CreatedOnToolsVersion = 7.3;
						DevelopmentTeam = 38SJX8C68V;
					};
				};
			};
			buildConfigurationList = 081E7F811CC2200E00BCD081 /* Build configuration list for PBXProject "gitDemo" */;
			compatibilityVersion = "Xcode 3.2";
			developmentRegion = English;
			hasScannedForEncodings = 0;
			knownRegions = (
				en,
				Base,
			);
			mainGroup = 081E7F7D1CC2200E00BCD081;
			productRefGroup = 081E7F871CC2200F00BCD081 /* Products */;
			projectDirPath = "";
			projectRoot = "";
			targets = (
				081E7F851CC2200F00BCD081 /* gitDemo */,
			);
		};
/* End PBXProject section */

/* Begin PBXResourcesBuildPhase section */
		081E7F841CC2200F00BCD081 /* Resources */ = {
			isa = PBXResourcesBuildPhase;
			buildActionMask = 2147483647;
			files = (
				081E7F941CC2200F00BCD081 /* LaunchScreen.storyboard in Resources */,
				081E7F911CC2200F00BCD081 /* Assets.xcassets in Resources */,
				081E7F8F1CC2200F00BCD081 /* Main.storyboard in Resources */,
			);
			runOnlyForDeploymentPostprocessing = 0;
		};
/* End PBXResourcesBuildPhase section */

/* Begin PBXSourcesBuildPhase section */
		081E7F821CC2200F00BCD081 /* Sources */ = {
			isa = PBXSourcesBuildPhase;
			buildActionMask = 2147483647;
			files = (
				081E7F8C1CC2200F00BCD081 /* ViewController.swift in Sources */,
				081E7F8A1CC2200F00BCD081 /* AppDelegate.swift in Sources */,
			);
			runOnlyForDeploymentPostprocessing = 0;
		};
/* End PBXSourcesBuildPhase section */

/* Begin PBXVariantGroup section */
		081E7F8D1CC2200F00BCD081 /* Main.storyboard */ = {
			isa = PBXVariantGroup;
			children = (
				081E7F8E1CC2200F00BCD081 /* Base */,
			);
			name = Main.storyboard;
			sourceTree = "<group>";
		};
		081E7F921CC2200F00BCD081 /* LaunchScreen.storyboard */ = {
			isa = PBXVariantGroup;
			children = (
				081E7F931CC2200F00BCD081 /* Base */,
			);
			name = LaunchScreen.storyboard;
			sourceTree = "<group>";
		};
/* End PBXVariantGroup section */

/* Begin XCBuildConfiguration section */
		081E7F961CC2200F00BCD081 /* Debug */ = {
			isa = XCBuildConfiguration;
			buildSettings = {
				ALWAYS_SEARCH_USER_PATHS = NO;
				CLANG_ANALYZER_NONNULL = YES;
				CLANG_CXX_LANGUAGE_STANDARD = "gnu++0x";
				CLANG_CXX_LIBRARY = "libc++";
				CLANG_ENABLE_MODULES = YES;
				CLANG_ENABLE_OBJC_ARC = YES;
				CLANG_WARN_BOOL_CONVERSION = YES;
				CLANG_WARN_CONSTANT_CONVERSION = YES;
				CLANG_WARN_DIRECT_OBJC_ISA_USAGE = YES_ERROR;
				CLANG_WARN_EMPTY_BODY = YES;
				CLANG_WARN_ENUM_CONVERSION = YES;
				CLANG_WARN_INT_CONVERSION = YES;
				CLANG_WARN_OBJC_ROOT_CLASS = YES_ERROR;
				CLANG_WARN_UNREACHABLE_CODE = YES;
				CLANG_WARN__DUPLICATE_METHOD_MATCH = YES;
				"CODE_SIGN_IDENTITY[sdk=iphoneos*]" = "iPhone Developer";
				COPY_PHASE_STRIP = NO;
				DEBUG_INFORMATION_FORMAT = dwarf;
				ENABLE_STRICT_OBJC_MSGSEND = YES;
				ENABLE_TESTABILITY = YES;
				GCC_C_LANGUAGE_STANDARD = gnu99;
				GCC_DYNAMIC_NO_PIC = NO;
				GCC_NO_COMMON_BLOCKS = YES;
				GCC_OPTIMIZATION_LEVEL = 0;
				GCC_PREPROCESSOR_DEFINITIONS = (
					"DEBUG=1",
					"$(inherited)",
				);
				GCC_WARN_64_TO_32_BIT_CONVERSION = YES;
				GCC_WARN_ABOUT_RETURN_TYPE = YES_ERROR;
				GCC_WARN_UNDECLARED_SELECTOR = YES;
				GCC_WARN_UNINITIALIZED_AUTOS = YES_AGGRESSIVE;
				GCC_WARN_UNUSED_FUNCTION = YES;
				GCC_WARN_UNUSED_VARIABLE = YES;
				IPHONEOS_DEPLOYMENT_TARGET = 9.3;
				MTL_ENABLE_DEBUG_INFO = YES;
				ONLY_ACTIVE_ARCH = YES;
				SDKROOT = iphoneos;
				SWIFT_OPTIMIZATION_LEVEL = "-Onone";
			};
			name = Debug;
		};
		081E7F971CC2200F00BCD081 /* Release */ = {
			isa = XCBuildConfiguration;
			buildSettings = {
				ALWAYS_SEARCH_USER_PATHS = NO;
				CLANG_ANALYZER_NONNULL = YES;
				CLANG_CXX_LANGUAGE_STANDARD = "gnu++0x";
				CLANG_CXX_LIBRARY = "libc++";
				CLANG_ENABLE_MODULES = YES;
				CLANG_ENABLE_OBJC_ARC = YES;
				CLANG_WARN_BOOL_CONVERSION = YES;
				CLANG_WARN_CONSTANT_CONVERSION = YES;
				CLANG_WARN_DIRECT_OBJC_ISA_USAGE = YES_ERROR;
				CLANG_WARN_EMPTY_BODY = YES;
				CLANG_WARN_ENUM_CONVERSION = YES;
				CLANG_WARN_INT_CONVERSION = YES;
				CLANG_WARN_OBJC_ROOT_CLASS = YES_ERROR;
				CLANG_WARN_UNREACHABLE_CODE = YES;
				CLANG_WARN__DUPLICATE_METHOD_MATCH = YES;
				"CODE_SIGN_IDENTITY[sdk=iphoneos*]" = "iPhone Developer";
				COPY_PHASE_STRIP = NO;
				DEBUG_INFORMATION_FORMAT = "dwarf-with-dsym";
				ENABLE_NS_ASSERTIONS = NO;
				ENABLE_STRICT_OBJC_MSGSEND = YES;
				GCC_C_LANGUAGE_STANDARD = gnu99;
				GCC_NO_COMMON_BLOCKS = YES;
				GCC_WARN_64_TO_32_BIT_CONVERSION = YES;
				GCC_WARN_ABOUT_RETURN_TYPE = YES_ERROR;
				GCC_WARN_UNDECLARED_SELECTOR = YES;
				GCC_WARN_UNINITIALIZED_AUTOS = YES_AGGRESSIVE;
				GCC_WARN_UNUSED_FUNCTION = YES;
				GCC_WARN_UNUSED_VARIABLE = YES;
				IPHONEOS_DEPLOYMENT_TARGET = 9.3;
				MTL_ENABLE_DEBUG_INFO = NO;
				SDKROOT = iphoneos;
				VALIDATE_PRODUCT = YES;
			};
			name = Release;
		};
		081E7F991CC2200F00BCD081 /* Debug */ = {
			isa = XCBuildConfiguration;
			buildSettings = {
				ASSETCATALOG_COMPILER_APPICON_NAME = AppIcon;
				INFOPLIST_FILE = gitDemo/Info.plist;
				LD_RUNPATH_SEARCH_PATHS = "$(inherited) @executable_path/Frameworks";
				PRODUCT_BUNDLE_IDENTIFIER = com.mitse.gitDemo;
				PRODUCT_NAME = "$(TARGET_NAME)";
			};
			name = Debug;
		};
		081E7F9A1CC2200F00BCD081 /* Release */ = {
			isa = XCBuildConfiguration;
			buildSettings = {
				ASSETCATALOG_COMPILER_APPICON_NAME = AppIcon;
				INFOPLIST_FILE = gitDemo/Info.plist;
				LD_RUNPATH_SEARCH_PATHS = "$(inherited) @executable_path/Frameworks";
				PRODUCT_BUNDLE_IDENTIFIER = com.mitse.gitDemo;
				PRODUCT_NAME = "$(TARGET_NAME)";
			};
			name = Release;
		};
/* End XCBuildConfiguration section */

/* Begin XCConfigurationList section */
		081E7F811CC2200E00BCD081 /* Build configuration list for PBXProject "gitDemo" */ = {
			isa = XCConfigurationList;
			buildConfigurations = (
				081E7F961CC2200F00BCD081 /* Debug */,
				081E7F971CC2200F00BCD081 /* Release */,
			);
			defaultConfigurationIsVisible = 0;
			defaultConfigurationName = Release;
		};
		081E7F981CC2200F00BCD081 /* Build configuration list for PBXNativeTarget "gitDemo" */ = {
			isa = XCConfigurationList;
			buildConfigurations = (
				081E7F991CC2200F00BCD081 /* Debug */,
				081E7F9A1CC2200F00BCD081 /* Release */,
			);
			defaultConfigurationIsVisible = 0;
		};
/* End XCConfigurationList section */
	};
	rootObject = 081E7F7E1CC2200E00BCD081 /* Project object */;
}
